// !$*UTF8*$!
{
	archiveVersion = 1;
	classes = {
	};
	objectVersion = 56;
	objects = {

/* Begin PBXBuildFile section */
		97093D1629E8630F0039BA3A /* AppDelegate.swift in Sources */ = {isa = PBXBuildFile; fileRef = 97093D1529E8630F0039BA3A /* AppDelegate.swift */; };
		97093D1829E8630F0039BA3A /* SceneDelegate.swift in Sources */ = {isa = PBXBuildFile; fileRef = 97093D1729E8630F0039BA3A /* SceneDelegate.swift */; };
		97093D1F29E863100039BA3A /* Assets.xcassets in Resources */ = {isa = PBXBuildFile; fileRef = 97093D1E29E863100039BA3A /* Assets.xcassets */; };
		97093D2229E863100039BA3A /* LaunchScreen.storyboard in Resources */ = {isa = PBXBuildFile; fileRef = 97093D2029E863100039BA3A /* LaunchScreen.storyboard */; };
		97184B602ABDED61006FA9CA /* UIViewController+Ext .swift in Sources */ = {isa = PBXBuildFile; fileRef = 97184B5F2ABDED61006FA9CA /* UIViewController+Ext .swift */; };
		971F0C7C2AC83D6200AE0E1B /* GFError.swift in Sources */ = {isa = PBXBuildFile; fileRef = 971F0C7B2AC83D6200AE0E1B /* GFError.swift */; };
		971F0C7F2AC847C500AE0E1B /* FollowerCell.swift in Sources */ = {isa = PBXBuildFile; fileRef = 971F0C7E2AC847C500AE0E1B /* FollowerCell.swift */; };
		971F0C812AC8489800AE0E1B /* GFAvatarImageView.swift in Sources */ = {isa = PBXBuildFile; fileRef = 971F0C802AC8489800AE0E1B /* GFAvatarImageView.swift */; };
		9758BBF52ACC4EC300F5979B /* UIHelper.swift in Sources */ = {isa = PBXBuildFile; fileRef = 9758BBF42ACC4EC300F5979B /* UIHelper.swift */; };
		975E788729EEE74600AE81CB /* GFButton.swift in Sources */ = {isa = PBXBuildFile; fileRef = 975E788629EEE74600AE81CB /* GFButton.swift */; };
		975E788929EF4D4C00AE81CB /* GFTextField.swift in Sources */ = {isa = PBXBuildFile; fileRef = 975E788829EF4D4C00AE81CB /* GFTextField.swift */; };
		9799855C29F6B78A005CCB96 /* FollowerListVC.swift in Sources */ = {isa = PBXBuildFile; fileRef = 9799855B29F6B78A005CCB96 /* FollowerListVC.swift */; };
		9799855E29F97CDD005CCB96 /* GFTitleLabel.swift in Sources */ = {isa = PBXBuildFile; fileRef = 9799855D29F97CDD005CCB96 /* GFTitleLabel.swift */; };
		9799856029F9C285005CCB96 /* GFBodyLabel.swift in Sources */ = {isa = PBXBuildFile; fileRef = 9799855F29F9C285005CCB96 /* GFBodyLabel.swift */; };
		9799856229FB0053005CCB96 /* GFAlertVC.swift in Sources */ = {isa = PBXBuildFile; fileRef = 9799856129FB0053005CCB96 /* GFAlertVC.swift */; };
		97D9D3D229EC6DDC000AA100 /* SearchVC.swift in Sources */ = {isa = PBXBuildFile; fileRef = 97D9D3D129EC6DDC000AA100 /* SearchVC.swift */; };
		97D9D3D429EC70D0000AA100 /* FavoritesListVC.swift in Sources */ = {isa = PBXBuildFile; fileRef = 97D9D3D329EC70D0000AA100 /* FavoritesListVC.swift */; };
		97DEC91F2AC0B35300C00B5A /* Follower.swift in Sources */ = {isa = PBXBuildFile; fileRef = 97DEC91E2AC0B35300C00B5A /* Follower.swift */; };
		97DEC9212AC0B45500C00B5A /* User.swift in Sources */ = {isa = PBXBuildFile; fileRef = 97DEC9202AC0B45500C00B5A /* User.swift */; };
		97EF07AE2AC4B47500593197 /* NetworkManager.swift in Sources */ = {isa = PBXBuildFile; fileRef = 97EF07AD2AC4B47500593197 /* NetworkManager.swift */; };
		97FD8E232B66F10E00C9D88D /* GHFollowersUITests.swift in Sources */ = {isa = PBXBuildFile; fileRef = 97FD8E222B66F10E00C9D88D /* GHFollowersUITests.swift */; };
		97FD8E252B66F10E00C9D88D /* GHFollowersUITestsLaunchTests.swift in Sources */ = {isa = PBXBuildFile; fileRef = 97FD8E242B66F10E00C9D88D /* GHFollowersUITestsLaunchTests.swift */; };
/* End PBXBuildFile section */

/* Begin PBXContainerItemProxy section */
		97FD8E262B66F10E00C9D88D /* PBXContainerItemProxy */ = {
			isa = PBXContainerItemProxy;
			containerPortal = 97093D0A29E8630F0039BA3A /* Project object */;
			proxyType = 1;
			remoteGlobalIDString = 97093D1129E8630F0039BA3A;
			remoteInfo = GHFollowers;
		};
/* End PBXContainerItemProxy section */

/* Begin PBXFileReference section */
		97093D1229E8630F0039BA3A /* GHFollowers.app */ = {isa = PBXFileReference; explicitFileType = wrapper.application; includeInIndex = 0; path = GHFollowers.app; sourceTree = BUILT_PRODUCTS_DIR; };
		97093D1529E8630F0039BA3A /* AppDelegate.swift */ = {isa = PBXFileReference; lastKnownFileType = sourcecode.swift; path = AppDelegate.swift; sourceTree = "<group>"; };
		97093D1729E8630F0039BA3A /* SceneDelegate.swift */ = {isa = PBXFileReference; lastKnownFileType = sourcecode.swift; path = SceneDelegate.swift; sourceTree = "<group>"; };
		97093D1E29E863100039BA3A /* Assets.xcassets */ = {isa = PBXFileReference; lastKnownFileType = folder.assetcatalog; path = Assets.xcassets; sourceTree = "<group>"; };
		97093D2129E863100039BA3A /* Base */ = {isa = PBXFileReference; lastKnownFileType = file.storyboard; name = Base; path = Base.lproj/LaunchScreen.storyboard; sourceTree = "<group>"; };
		97093D2329E863100039BA3A /* Info.plist */ = {isa = PBXFileReference; lastKnownFileType = text.plist.xml; path = Info.plist; sourceTree = "<group>"; };
		97184B5F2ABDED61006FA9CA /* UIViewController+Ext .swift */ = {isa = PBXFileReference; lastKnownFileType = sourcecode.swift; path = "UIViewController+Ext .swift"; sourceTree = "<group>"; };
		971F0C7B2AC83D6200AE0E1B /* GFError.swift */ = {isa = PBXFileReference; lastKnownFileType = sourcecode.swift; path = GFError.swift; sourceTree = "<group>"; };
		971F0C7E2AC847C500AE0E1B /* FollowerCell.swift */ = {isa = PBXFileReference; lastKnownFileType = sourcecode.swift; path = FollowerCell.swift; sourceTree = "<group>"; };
		971F0C802AC8489800AE0E1B /* GFAvatarImageView.swift */ = {isa = PBXFileReference; lastKnownFileType = sourcecode.swift; path = GFAvatarImageView.swift; sourceTree = "<group>"; };
		9758BBF42ACC4EC300F5979B /* UIHelper.swift */ = {isa = PBXFileReference; lastKnownFileType = sourcecode.swift; path = UIHelper.swift; sourceTree = "<group>"; };
		975E788629EEE74600AE81CB /* GFButton.swift */ = {isa = PBXFileReference; lastKnownFileType = sourcecode.swift; path = GFButton.swift; sourceTree = "<group>"; };
		975E788829EF4D4C00AE81CB /* GFTextField.swift */ = {isa = PBXFileReference; lastKnownFileType = sourcecode.swift; path = GFTextField.swift; sourceTree = "<group>"; };
		9799855B29F6B78A005CCB96 /* FollowerListVC.swift */ = {isa = PBXFileReference; lastKnownFileType = sourcecode.swift; path = FollowerListVC.swift; sourceTree = "<group>"; };
		9799855D29F97CDD005CCB96 /* GFTitleLabel.swift */ = {isa = PBXFileReference; lastKnownFileType = sourcecode.swift; path = GFTitleLabel.swift; sourceTree = "<group>"; };
		9799855F29F9C285005CCB96 /* GFBodyLabel.swift */ = {isa = PBXFileReference; lastKnownFileType = sourcecode.swift; path = GFBodyLabel.swift; sourceTree = "<group>"; };
		9799856129FB0053005CCB96 /* GFAlertVC.swift */ = {isa = PBXFileReference; lastKnownFileType = sourcecode.swift; path = GFAlertVC.swift; sourceTree = "<group>"; };
		97D9D3D129EC6DDC000AA100 /* SearchVC.swift */ = {isa = PBXFileReference; lastKnownFileType = sourcecode.swift; path = SearchVC.swift; sourceTree = "<group>"; };
		97D9D3D329EC70D0000AA100 /* FavoritesListVC.swift */ = {isa = PBXFileReference; lastKnownFileType = sourcecode.swift; path = FavoritesListVC.swift; sourceTree = "<group>"; };
		97DEC91E2AC0B35300C00B5A /* Follower.swift */ = {isa = PBXFileReference; lastKnownFileType = sourcecode.swift; path = Follower.swift; sourceTree = "<group>"; };
		97DEC9202AC0B45500C00B5A /* User.swift */ = {isa = PBXFileReference; lastKnownFileType = sourcecode.swift; path = User.swift; sourceTree = "<group>"; };
		97EF07AD2AC4B47500593197 /* NetworkManager.swift */ = {isa = PBXFileReference; lastKnownFileType = sourcecode.swift; path = NetworkManager.swift; sourceTree = "<group>"; };
		97FD8E202B66F10E00C9D88D /* GHFollowersUITests.xctest */ = {isa = PBXFileReference; explicitFileType = wrapper.cfbundle; includeInIndex = 0; path = GHFollowersUITests.xctest; sourceTree = BUILT_PRODUCTS_DIR; };
		97FD8E222B66F10E00C9D88D /* GHFollowersUITests.swift */ = {isa = PBXFileReference; lastKnownFileType = sourcecode.swift; path = GHFollowersUITests.swift; sourceTree = "<group>"; };
		97FD8E242B66F10E00C9D88D /* GHFollowersUITestsLaunchTests.swift */ = {isa = PBXFileReference; lastKnownFileType = sourcecode.swift; path = GHFollowersUITestsLaunchTests.swift; sourceTree = "<group>"; };
/* End PBXFileReference section */

/* Begin PBXFrameworksBuildPhase section */
		97093D0F29E8630F0039BA3A /* Frameworks */ = {
			isa = PBXFrameworksBuildPhase;
			buildActionMask = 2147483647;
			files = (
			);
			runOnlyForDeploymentPostprocessing = 0;
		};
		97FD8E1D2B66F10E00C9D88D /* Frameworks */ = {
			isa = PBXFrameworksBuildPhase;
			buildActionMask = 2147483647;
			files = (
			);
			runOnlyForDeploymentPostprocessing = 0;
		};
/* End PBXFrameworksBuildPhase section */

/* Begin PBXGroup section */
		97093D0929E8630F0039BA3A = {
			isa = PBXGroup;
			children = (
				97093D1429E8630F0039BA3A /* GHFollowers */,
				97FD8E212B66F10E00C9D88D /* GHFollowersUITests */,
				97093D1329E8630F0039BA3A /* Products */,
			);
			sourceTree = "<group>";
		};
		97093D1329E8630F0039BA3A /* Products */ = {
			isa = PBXGroup;
			children = (
				97093D1229E8630F0039BA3A /* GHFollowers.app */,
				97FD8E202B66F10E00C9D88D /* GHFollowersUITests.xctest */,
			);
			name = Products;
			sourceTree = "<group>";
		};
		97093D1429E8630F0039BA3A /* GHFollowers */ = {
			isa = PBXGroup;
			children = (
				971F0C7A2AC83D4300AE0E1B /* Utilities */,
				97EF07AC2AC4B45C00593197 /* Managers */,
				97DEC91D2AC0B34B00C00B5A /* Model  */,
				97184B642ABE3326006FA9CA /* Support */,
				97184B632ABE330E006FA9CA /* Extensions */,
				97184B612ABE32BC006FA9CA /* Screens */,
				97184B622ABE32E1006FA9CA /* Custom Views */,
			);
			path = GHFollowers;
			sourceTree = "<group>";
		};
		97184B612ABE32BC006FA9CA /* Screens */ = {
			isa = PBXGroup;
			children = (
				97D9D3D129EC6DDC000AA100 /* SearchVC.swift */,
				97D9D3D329EC70D0000AA100 /* FavoritesListVC.swift */,
				9799855B29F6B78A005CCB96 /* FollowerListVC.swift */,
			);
			path = Screens;
			sourceTree = "<group>";
		};
		97184B622ABE32E1006FA9CA /* Custom Views */ = {
			isa = PBXGroup;
			children = (
				971F0C7D2AC847A600AE0E1B /* Cells  */,
				975E788629EEE74600AE81CB /* GFButton.swift */,
				975E788829EF4D4C00AE81CB /* GFTextField.swift */,
				9799855D29F97CDD005CCB96 /* GFTitleLabel.swift */,
				9799855F29F9C285005CCB96 /* GFBodyLabel.swift */,
				9799856129FB0053005CCB96 /* GFAlertVC.swift */,
			);
			path = "Custom Views";
			sourceTree = "<group>";
		};
		97184B632ABE330E006FA9CA /* Extensions */ = {
			isa = PBXGroup;
			children = (
				97184B5F2ABDED61006FA9CA /* UIViewController+Ext .swift */,
			);
			path = Extensions;
			sourceTree = "<group>";
		};
		97184B642ABE3326006FA9CA /* Support */ = {
			isa = PBXGroup;
			children = (
				97093D1529E8630F0039BA3A /* AppDelegate.swift */,
				97093D1729E8630F0039BA3A /* SceneDelegate.swift */,
				97093D1E29E863100039BA3A /* Assets.xcassets */,
				97093D2029E863100039BA3A /* LaunchScreen.storyboard */,
				97093D2329E863100039BA3A /* Info.plist */,
			);
			path = Support;
			sourceTree = "<group>";
		};
		971F0C7A2AC83D4300AE0E1B /* Utilities */ = {
			isa = PBXGroup;
			children = (
				971F0C7B2AC83D6200AE0E1B /* GFError.swift */,
				9758BBF42ACC4EC300F5979B /* UIHelper.swift */,
			);
			path = Utilities;
			sourceTree = "<group>";
		};
		971F0C7D2AC847A600AE0E1B /* Cells  */ = {
			isa = PBXGroup;
			children = (
				971F0C7E2AC847C500AE0E1B /* FollowerCell.swift */,
				971F0C802AC8489800AE0E1B /* GFAvatarImageView.swift */,
			);
			path = "Cells ";
			sourceTree = "<group>";
		};
		97DEC91D2AC0B34B00C00B5A /* Model  */ = {
			isa = PBXGroup;
			children = (
				97DEC91E2AC0B35300C00B5A /* Follower.swift */,
				97DEC9202AC0B45500C00B5A /* User.swift */,
			);
			path = "Model ";
			sourceTree = "<group>";
		};
		97EF07AC2AC4B45C00593197 /* Managers */ = {
			isa = PBXGroup;
			children = (
				97EF07AD2AC4B47500593197 /* NetworkManager.swift */,
			);
			path = Managers;
			sourceTree = "<group>";
		};
		97FD8E212B66F10E00C9D88D /* GHFollowersUITests */ = {
			isa = PBXGroup;
			children = (
				97FD8E222B66F10E00C9D88D /* GHFollowersUITests.swift */,
				97FD8E242B66F10E00C9D88D /* GHFollowersUITestsLaunchTests.swift */,
			);
			path = GHFollowersUITests;
			sourceTree = "<group>";
		};
/* End PBXGroup section */

/* Begin PBXNativeTarget section */
		97093D1129E8630F0039BA3A /* GHFollowers */ = {
			isa = PBXNativeTarget;
			buildConfigurationList = 97093D2629E863100039BA3A /* Build configuration list for PBXNativeTarget "GHFollowers" */;
			buildPhases = (
				97093D0E29E8630F0039BA3A /* Sources */,
				97093D0F29E8630F0039BA3A /* Frameworks */,
				97093D1029E8630F0039BA3A /* Resources */,
			);
			buildRules = (
			);
			dependencies = (
			);
			name = GHFollowers;
			productName = GHFollowers;
			productReference = 97093D1229E8630F0039BA3A /* GHFollowers.app */;
			productType = "com.apple.product-type.application";
		};
		97FD8E1F2B66F10E00C9D88D /* GHFollowersUITests */ = {
			isa = PBXNativeTarget;
			buildConfigurationList = 97FD8E2A2B66F10E00C9D88D /* Build configuration list for PBXNativeTarget "GHFollowersUITests" */;
			buildPhases = (
				97FD8E1C2B66F10E00C9D88D /* Sources */,
				97FD8E1D2B66F10E00C9D88D /* Frameworks */,
				97FD8E1E2B66F10E00C9D88D /* Resources */,
			);
			buildRules = (
			);
			dependencies = (
				97FD8E272B66F10E00C9D88D /* PBXTargetDependency */,
			);
			name = GHFollowersUITests;
			productName = GHFollowersUITests;
			productReference = 97FD8E202B66F10E00C9D88D /* GHFollowersUITests.xctest */;
			productType = "com.apple.product-type.bundle.ui-testing";
		};
/* End PBXNativeTarget section */

/* Begin PBXProject section */
		97093D0A29E8630F0039BA3A /* Project object */ = {
			isa = PBXProject;
			attributes = {
				BuildIndependentTargetsInParallel = 1;
				LastSwiftUpdateCheck = 1520;
				LastUpgradeCheck = 1520;
				TargetAttributes = {
					97093D1129E8630F0039BA3A = {
						CreatedOnToolsVersion = 14.0.1;
					};
					97FD8E1F2B66F10E00C9D88D = {
						CreatedOnToolsVersion = 15.2;
						TestTargetID = 97093D1129E8630F0039BA3A;
					};
				};
			};
			buildConfigurationList = 97093D0D29E8630F0039BA3A /* Build configuration list for PBXProject "GHFollowers" */;
			compatibilityVersion = "Xcode 14.0";
			developmentRegion = en;
			hasScannedForEncodings = 0;
			knownRegions = (
				en,
				Base,
			);
			mainGroup = 97093D0929E8630F0039BA3A;
			productRefGroup = 97093D1329E8630F0039BA3A /* Products */;
			projectDirPath = "";
			projectRoot = "";
			targets = (
				97093D1129E8630F0039BA3A /* GHFollowers */,
				97FD8E1F2B66F10E00C9D88D /* GHFollowersUITests */,
			);
		};
/* End PBXProject section */

/* Begin PBXResourcesBuildPhase section */
		97093D1029E8630F0039BA3A /* Resources */ = {
			isa = PBXResourcesBuildPhase;
			buildActionMask = 2147483647;
			files = (
				97093D2229E863100039BA3A /* LaunchScreen.storyboard in Resources */,
				97093D1F29E863100039BA3A /* Assets.xcassets in Resources */,
			);
			runOnlyForDeploymentPostprocessing = 0;
		};
		97FD8E1E2B66F10E00C9D88D /* Resources */ = {
			isa = PBXResourcesBuildPhase;
			buildActionMask = 2147483647;
			files = (
			);
			runOnlyForDeploymentPostprocessing = 0;
		};
/* End PBXResourcesBuildPhase section */

/* Begin PBXSourcesBuildPhase section */
		97093D0E29E8630F0039BA3A /* Sources */ = {
			isa = PBXSourcesBuildPhase;
			buildActionMask = 2147483647;
			files = (
				97DEC9212AC0B45500C00B5A /* User.swift in Sources */,
				975E788929EF4D4C00AE81CB /* GFTextField.swift in Sources */,
				97D9D3D429EC70D0000AA100 /* FavoritesListVC.swift in Sources */,
				97184B602ABDED61006FA9CA /* UIViewController+Ext .swift in Sources */,
				97DEC91F2AC0B35300C00B5A /* Follower.swift in Sources */,
				9758BBF52ACC4EC300F5979B /* UIHelper.swift in Sources */,
				971F0C812AC8489800AE0E1B /* GFAvatarImageView.swift in Sources */,
				975E788729EEE74600AE81CB /* GFButton.swift in Sources */,
				97D9D3D229EC6DDC000AA100 /* SearchVC.swift in Sources */,
				971F0C7F2AC847C500AE0E1B /* FollowerCell.swift in Sources */,
				971F0C7C2AC83D6200AE0E1B /* GFError.swift in Sources */,
				9799856229FB0053005CCB96 /* GFAlertVC.swift in Sources */,
				9799856029F9C285005CCB96 /* GFBodyLabel.swift in Sources */,
				9799855E29F97CDD005CCB96 /* GFTitleLabel.swift in Sources */,
				97EF07AE2AC4B47500593197 /* NetworkManager.swift in Sources */,
				9799855C29F6B78A005CCB96 /* FollowerListVC.swift in Sources */,
				97093D1629E8630F0039BA3A /* AppDelegate.swift in Sources */,
				97093D1829E8630F0039BA3A /* SceneDelegate.swift in Sources */,
			);
			runOnlyForDeploymentPostprocessing = 0;
		};
		97FD8E1C2B66F10E00C9D88D /* Sources */ = {
			isa = PBXSourcesBuildPhase;
			buildActionMask = 2147483647;
			files = (
				97FD8E232B66F10E00C9D88D /* GHFollowersUITests.swift in Sources */,
				97FD8E252B66F10E00C9D88D /* GHFollowersUITestsLaunchTests.swift in Sources */,
			);
			runOnlyForDeploymentPostprocessing = 0;
		};
/* End PBXSourcesBuildPhase section */

/* Begin PBXTargetDependency section */
		97FD8E272B66F10E00C9D88D /* PBXTargetDependency */ = {
			isa = PBXTargetDependency;
			target = 97093D1129E8630F0039BA3A /* GHFollowers */;
			targetProxy = 97FD8E262B66F10E00C9D88D /* PBXContainerItemProxy */;
		};
/* End PBXTargetDependency section */

/* Begin PBXVariantGroup section */
		97093D2029E863100039BA3A /* LaunchScreen.storyboard */ = {
			isa = PBXVariantGroup;
			children = (
				97093D2129E863100039BA3A /* Base */,
			);
			name = LaunchScreen.storyboard;
			sourceTree = "<group>";
		};
/* End PBXVariantGroup section */

/* Begin XCBuildConfiguration section */
		97093D2429E863100039BA3A /* Debug */ = {
			isa = XCBuildConfiguration;
			buildSettings = {
				ALWAYS_SEARCH_USER_PATHS = NO;
				ASSETCATALOG_COMPILER_GENERATE_SWIFT_ASSET_SYMBOL_EXTENSIONS = YES;
				CLANG_ANALYZER_NONNULL = YES;
				CLANG_ANALYZER_NUMBER_OBJECT_CONVERSION = YES_AGGRESSIVE;
				CLANG_CXX_LANGUAGE_STANDARD = "gnu++20";
				CLANG_ENABLE_MODULES = YES;
				CLANG_ENABLE_OBJC_ARC = YES;
				CLANG_ENABLE_OBJC_WEAK = YES;
				CLANG_WARN_BLOCK_CAPTURE_AUTORELEASING = YES;
				CLANG_WARN_BOOL_CONVERSION = YES;
				CLANG_WARN_COMMA = YES;
				CLANG_WARN_CONSTANT_CONVERSION = YES;
				CLANG_WARN_DEPRECATED_OBJC_IMPLEMENTATIONS = YES;
				CLANG_WARN_DIRECT_OBJC_ISA_USAGE = YES_ERROR;
				CLANG_WARN_DOCUMENTATION_COMMENTS = YES;
				CLANG_WARN_EMPTY_BODY = YES;
				CLANG_WARN_ENUM_CONVERSION = YES;
				CLANG_WARN_INFINITE_RECURSION = YES;
				CLANG_WARN_INT_CONVERSION = YES;
				CLANG_WARN_NON_LITERAL_NULL_CONVERSION = YES;
				CLANG_WARN_OBJC_IMPLICIT_RETAIN_SELF = YES;
				CLANG_WARN_OBJC_LITERAL_CONVERSION = YES;
				CLANG_WARN_OBJC_ROOT_CLASS = YES_ERROR;
				CLANG_WARN_QUOTED_INCLUDE_IN_FRAMEWORK_HEADER = YES;
				CLANG_WARN_RANGE_LOOP_ANALYSIS = YES;
				CLANG_WARN_STRICT_PROTOTYPES = YES;
				CLANG_WARN_SUSPICIOUS_MOVE = YES;
				CLANG_WARN_UNGUARDED_AVAILABILITY = YES_AGGRESSIVE;
				CLANG_WARN_UNREACHABLE_CODE = YES;
				CLANG_WARN__DUPLICATE_METHOD_MATCH = YES;
				COPY_PHASE_STRIP = NO;
				DEBUG_INFORMATION_FORMAT = dwarf;
				ENABLE_STRICT_OBJC_MSGSEND = YES;
				ENABLE_TESTABILITY = YES;
				ENABLE_USER_SCRIPT_SANDBOXING = YES;
				GCC_C_LANGUAGE_STANDARD = gnu11;
				GCC_DYNAMIC_NO_PIC = NO;
				GCC_NO_COMMON_BLOCKS = YES;
				GCC_OPTIMIZATION_LEVEL = 0;
				GCC_PREPROCESSOR_DEFINITIONS = (
					"DEBUG=1",
					"$(inherited)",
				);
				GCC_WARN_64_TO_32_BIT_CONVERSION = YES;
				GCC_WARN_ABOUT_RETURN_TYPE = YES_ERROR;
				GCC_WARN_UNDECLARED_SELECTOR = YES;
				GCC_WARN_UNINITIALIZED_AUTOS = YES_AGGRESSIVE;
				GCC_WARN_UNUSED_FUNCTION = YES;
				GCC_WARN_UNUSED_VARIABLE = YES;
				IPHONEOS_DEPLOYMENT_TARGET = 17.2;
				MTL_ENABLE_DEBUG_INFO = INCLUDE_SOURCE;
				MTL_FAST_MATH = YES;
				ONLY_ACTIVE_ARCH = YES;
				SDKROOT = iphoneos;
				SWIFT_ACTIVE_COMPILATION_CONDITIONS = DEBUG;
				SWIFT_OPTIMIZATION_LEVEL = "-Onone";
			};
			name = Debug;
		};
		97093D2529E863100039BA3A /* Release */ = {
			isa = XCBuildConfiguration;
			buildSettings = {
				ALWAYS_SEARCH_USER_PATHS = NO;
				ASSETCATALOG_COMPILER_GENERATE_SWIFT_ASSET_SYMBOL_EXTENSIONS = YES;
				CLANG_ANALYZER_NONNULL = YES;
				CLANG_ANALYZER_NUMBER_OBJECT_CONVERSION = YES_AGGRESSIVE;
				CLANG_CXX_LANGUAGE_STANDARD = "gnu++20";
				CLANG_ENABLE_MODULES = YES;
				CLANG_ENABLE_OBJC_ARC = YES;
				CLANG_ENABLE_OBJC_WEAK = YES;
				CLANG_WARN_BLOCK_CAPTURE_AUTORELEASING = YES;
				CLANG_WARN_BOOL_CONVERSION = YES;
				CLANG_WARN_COMMA = YES;
				CLANG_WARN_CONSTANT_CONVERSION = YES;
				CLANG_WARN_DEPRECATED_OBJC_IMPLEMENTATIONS = YES;
				CLANG_WARN_DIRECT_OBJC_ISA_USAGE = YES_ERROR;
				CLANG_WARN_DOCUMENTATION_COMMENTS = YES;
				CLANG_WARN_EMPTY_BODY = YES;
				CLANG_WARN_ENUM_CONVERSION = YES;
				CLANG_WARN_INFINITE_RECURSION = YES;
				CLANG_WARN_INT_CONVERSION = YES;
				CLANG_WARN_NON_LITERAL_NULL_CONVERSION = YES;
				CLANG_WARN_OBJC_IMPLICIT_RETAIN_SELF = YES;
				CLANG_WARN_OBJC_LITERAL_CONVERSION = YES;
				CLANG_WARN_OBJC_ROOT_CLASS = YES_ERROR;
				CLANG_WARN_QUOTED_INCLUDE_IN_FRAMEWORK_HEADER = YES;
				CLANG_WARN_RANGE_LOOP_ANALYSIS = YES;
				CLANG_WARN_STRICT_PROTOTYPES = YES;
				CLANG_WARN_SUSPICIOUS_MOVE = YES;
				CLANG_WARN_UNGUARDED_AVAILABILITY = YES_AGGRESSIVE;
				CLANG_WARN_UNREACHABLE_CODE = YES;
				CLANG_WARN__DUPLICATE_METHOD_MATCH = YES;
				COPY_PHASE_STRIP = NO;
				DEBUG_INFORMATION_FORMAT = "dwarf-with-dsym";
				ENABLE_NS_ASSERTIONS = NO;
				ENABLE_STRICT_OBJC_MSGSEND = YES;
				ENABLE_USER_SCRIPT_SANDBOXING = YES;
				GCC_C_LANGUAGE_STANDARD = gnu11;
				GCC_NO_COMMON_BLOCKS = YES;
				GCC_WARN_64_TO_32_BIT_CONVERSION = YES;
				GCC_WARN_ABOUT_RETURN_TYPE = YES_ERROR;
				GCC_WARN_UNDECLARED_SELECTOR = YES;
				GCC_WARN_UNINITIALIZED_AUTOS = YES_AGGRESSIVE;
				GCC_WARN_UNUSED_FUNCTION = YES;
				GCC_WARN_UNUSED_VARIABLE = YES;
				IPHONEOS_DEPLOYMENT_TARGET = 17.2;
				MTL_ENABLE_DEBUG_INFO = NO;
				MTL_FAST_MATH = YES;
				SDKROOT = iphoneos;
				SWIFT_COMPILATION_MODE = wholemodule;
				SWIFT_OPTIMIZATION_LEVEL = "-O";
				VALIDATE_PRODUCT = YES;
			};
			name = Release;
		};
		97093D2729E863100039BA3A /* Debug */ = {
			isa = XCBuildConfiguration;
			buildSettings = {
				ASSETCATALOG_COMPILER_APPICON_NAME = AppIcon;
				ASSETCATALOG_COMPILER_GLOBAL_ACCENT_COLOR_NAME = AccentColor;
				CODE_SIGN_IDENTITY = "Apple Development";
				CODE_SIGN_STYLE = Automatic;
				CURRENT_PROJECT_VERSION = 1;
				DEVELOPMENT_TEAM = "";
				GENERATE_INFOPLIST_FILE = YES;
				INFOPLIST_FILE = GHFollowers/Support/Info.plist;
				INFOPLIST_KEY_UIApplicationSupportsIndirectInputEvents = YES;
				INFOPLIST_KEY_UILaunchStoryboardName = LaunchScreen;
				INFOPLIST_KEY_UISupportedInterfaceOrientations = UIInterfaceOrientationPortrait;
				LD_RUNPATH_SEARCH_PATHS = (
					"$(inherited)",
					"@executable_path/Frameworks",
				);
				MARKETING_VERSION = 1.0;
				PRODUCT_BUNDLE_IDENTIFIER = com.myaumura.GHFollowers;
				PRODUCT_NAME = "$(TARGET_NAME)";
				PROVISIONING_PROFILE_SPECIFIER = "";
				SUPPORTED_PLATFORMS = "iphoneos iphonesimulator";
				SUPPORTS_MACCATALYST = NO;
				SUPPORTS_MAC_DESIGNED_FOR_IPHONE_IPAD = NO;
				SWIFT_EMIT_LOC_STRINGS = YES;
				SWIFT_VERSION = 5.0;
				TARGETED_DEVICE_FAMILY = 1;
			};
			name = Debug;
		};
		97093D2829E863100039BA3A /* Release */ = {
			isa = XCBuildConfiguration;
			buildSettings = {
				ASSETCATALOG_COMPILER_APPICON_NAME = AppIcon;
				ASSETCATALOG_COMPILER_GLOBAL_ACCENT_COLOR_NAME = AccentColor;
				CODE_SIGN_IDENTITY = "Apple Development";
				CODE_SIGN_STYLE = Automatic;
				CURRENT_PROJECT_VERSION = 1;
				DEVELOPMENT_TEAM = "";
				GENERATE_INFOPLIST_FILE = YES;
				INFOPLIST_FILE = GHFollowers/Support/Info.plist;
				INFOPLIST_KEY_UIApplicationSupportsIndirectInputEvents = YES;
				INFOPLIST_KEY_UILaunchStoryboardName = LaunchScreen;
				INFOPLIST_KEY_UISupportedInterfaceOrientations = UIInterfaceOrientationPortrait;
				LD_RUNPATH_SEARCH_PATHS = (
					"$(inherited)",
					"@executable_path/Frameworks",
				);
				MARKETING_VERSION = 1.0;
				PRODUCT_BUNDLE_IDENTIFIER = com.myaumura.GHFollowers;
				PRODUCT_NAME = "$(TARGET_NAME)";
				PROVISIONING_PROFILE_SPECIFIER = "";
				SUPPORTED_PLATFORMS = "iphoneos iphonesimulator";
				SUPPORTS_MACCATALYST = NO;
				SUPPORTS_MAC_DESIGNED_FOR_IPHONE_IPAD = NO;
				SWIFT_EMIT_LOC_STRINGS = YES;
				SWIFT_VERSION = 5.0;
				TARGETED_DEVICE_FAMILY = 1;
			};
			name = Release;
		};
		97FD8E282B66F10E00C9D88D /* Debug */ = {
			isa = XCBuildConfiguration;
			buildSettings = {
				ASSETCATALOG_COMPILER_GENERATE_SWIFT_ASSET_SYMBOL_EXTENSIONS = YES;
				CODE_SIGN_STYLE = Automatic;
				CURRENT_PROJECT_VERSION = 1;
				DEVELOPMENT_TEAM = RMB7NLP62Y;
				GCC_C_LANGUAGE_STANDARD = gnu17;
				GENERATE_INFOPLIST_FILE = YES;
				IPHONEOS_DEPLOYMENT_TARGET = 17.2;
				LOCALIZATION_PREFERS_STRING_CATALOGS = YES;
				MARKETING_VERSION = 1.0;
				PRODUCT_BUNDLE_IDENTIFIER = com.myaumura.GHFollowersUITests;
				PRODUCT_NAME = "$(TARGET_NAME)";
				SWIFT_ACTIVE_COMPILATION_CONDITIONS = "DEBUG $(inherited)";
				SWIFT_EMIT_LOC_STRINGS = NO;
				SWIFT_VERSION = 5.0;
				TARGETED_DEVICE_FAMILY = "1,2";
				TEST_TARGET_NAME = GHFollowers;
			};
			name = Debug;
		};
		97FD8E292B66F10E00C9D88D /* Release */ = {
			isa = XCBuildConfiguration;
			buildSettings = {
				ASSETCATALOG_COMPILER_GENERATE_SWIFT_ASSET_SYMBOL_EXTENSIONS = YES;
				CODE_SIGN_STYLE = Automatic;
				CURRENT_PROJECT_VERSION = 1;
				DEVELOPMENT_TEAM = RMB7NLP62Y;
				GCC_C_LANGUAGE_STANDARD = gnu17;
				GENERATE_INFOPLIST_FILE = YES;
				IPHONEOS_DEPLOYMENT_TARGET = 17.2;
				LOCALIZATION_PREFERS_STRING_CATALOGS = YES;
				MARKETING_VERSION = 1.0;
				PRODUCT_BUNDLE_IDENTIFIER = com.myaumura.GHFollowersUITests;
				PRODUCT_NAME = "$(TARGET_NAME)";
				SWIFT_EMIT_LOC_STRINGS = NO;
				SWIFT_VERSION = 5.0;
				TARGETED_DEVICE_FAMILY = "1,2";
				TEST_TARGET_NAME = GHFollowers;
			};
			name = Release;
		};
/* End XCBuildConfiguration section */

/* Begin XCConfigurationList section */
		97093D0D29E8630F0039BA3A /* Build configuration list for PBXProject "GHFollowers" */ = {
			isa = XCConfigurationList;
			buildConfigurations = (
				97093D2429E863100039BA3A /* Debug */,
				97093D2529E863100039BA3A /* Release */,
			);
			defaultConfigurationIsVisible = 0;
			defaultConfigurationName = Release;
		};
		97093D2629E863100039BA3A /* Build configuration list for PBXNativeTarget "GHFollowers" */ = {
			isa = XCConfigurationList;
			buildConfigurations = (
				97093D2729E863100039BA3A /* Debug */,
				97093D2829E863100039BA3A /* Release */,
			);
			defaultConfigurationIsVisible = 0;
			defaultConfigurationName = Release;
		};
		97FD8E2A2B66F10E00C9D88D /* Build configuration list for PBXNativeTarget "GHFollowersUITests" */ = {
			isa = XCConfigurationList;
			buildConfigurations = (
				97FD8E282B66F10E00C9D88D /* Debug */,
				97FD8E292B66F10E00C9D88D /* Release */,
			);
			defaultConfigurationIsVisible = 0;
			defaultConfigurationName = Release;
		};
/* End XCConfigurationList section */
	};
	rootObject = 97093D0A29E8630F0039BA3A /* Project object */;
}
